
Microsoft Visual Studio Solution File, Format Version 12.00
Project("{FAE04EC0-301F-11D3-BF4B-00C04F79EFBC}") = "react_guitar_tool", "guitar_web\react_guitar_tool.csproj", "{D63F53D1-F014-4314-9929-C511744D8EBD}"
EndProject
Project("{2150E333-8FDC-42A3-9474-1A3956D46DE8}") = "1 - Distribution", "1 - Distribution", "{270F610B-09D5-4EE1-B168-ACBEA82186A3}"
EndProject
Global
	GlobalSection(SolutionConfigurationPlatforms) = preSolution
		Debug|Any CPU = Debug|Any CPU
		Release|Any CPU = Release|Any CPU
	EndGlobalSection
	GlobalSection(ProjectConfigurationPlatforms) = postSolution
		{D63F53D1-F014-4314-9929-C511744D8EBD}.Debug|Any CPU.ActiveCfg = Debug|Any CPU
		{D63F53D1-F014-4314-9929-C511744D8EBD}.Debug|Any CPU.Build.0 = Debug|Any CPU
		{D63F53D1-F014-4314-9929-C511744D8EBD}.Release|Any CPU.ActiveCfg = Release|Any CPU
		{D63F53D1-F014-4314-9929-C511744D8EBD}.Release|Any CPU.Build.0 = Release|Any CPU
	EndGlobalSection
EndGlobal
